
Microsoft Visual Studio Solution File, Format Version 12.00
# Visual Studio 14
VisualStudioVersion = 14.0.25123.0
MinimumVisualStudioVersion = 10.0.40219.1
Project("{FAE04EC0-301F-11D3-BF4B-00C04F79EFBC}") = "Proj_Loan_Management", "Proj_Loan_Management\Proj_Loan_Management.csproj", "{B47A0FC4-6EF0-4687-916A-4022CD8F9370}"
EndProject
Global
	GlobalSection(SolutionConfigurationPlatforms) = preSolution
		Debug|Any CPU = Debug|Any CPU
		Release|Any CPU = Release|Any CPU
	EndGlobalSection
	GlobalSection(ProjectConfigurationPlatforms) = postSolution
		{B47A0FC4-6EF0-4687-916A-4022CD8F9370}.Debug|Any CPU.ActiveCfg = Debug|Any CPU
		{B47A0FC4-6EF0-4687-916A-4022CD8F9370}.Debug|Any CPU.Build.0 = Debug|Any CPU
		{B47A0FC4-6EF0-4687-916A-4022CD8F9370}.Release|Any CPU.ActiveCfg = Release|Any CPU
		{B47A0FC4-6EF0-4687-916A-4022CD8F9370}.Release|Any CPU.Build.0 = Release|Any CPU
	EndGlobalSection
	GlobalSection(SolutionProperties) = preSolution
		HideSolutionNode = FALSE
	EndGlobalSection
EndGlobal
